// !$*UTF8*$!
{
	archiveVersion = 1;
	classes = {
	};
	objectVersion = 46;
	objects = {

/* Begin PBXBuildFile section */
		581A0316155EF723009872B3 /* UIKit.framework in Frameworks */ = {isa = PBXBuildFile; fileRef = 581A0315155EF723009872B3 /* UIKit.framework */; };
		581A0318155EF723009872B3 /* Foundation.framework in Frameworks */ = {isa = PBXBuildFile; fileRef = 581A0317155EF723009872B3 /* Foundation.framework */; };
		581A031A155EF723009872B3 /* CoreGraphics.framework in Frameworks */ = {isa = PBXBuildFile; fileRef = 581A0319155EF723009872B3 /* CoreGraphics.framework */; };
		581A0320155EF723009872B3 /* InfoPlist.strings in Resources */ = {isa = PBXBuildFile; fileRef = 581A031E155EF723009872B3 /* InfoPlist.strings */; };
		581A0322155EF723009872B3 /* main.m in Sources */ = {isa = PBXBuildFile; fileRef = 581A0321155EF723009872B3 /* main.m */; };
		581A0326155EF723009872B3 /* AppDelegate.m in Sources */ = {isa = PBXBuildFile; fileRef = 581A0325155EF723009872B3 /* AppDelegate.m */; };
		581A0329155EF723009872B3 /* MainStoryboard.storyboard in Resources */ = {isa = PBXBuildFile; fileRef = 581A0327155EF723009872B3 /* MainStoryboard.storyboard */; };
		581A032C155EF723009872B3 /* ViewController.m in Sources */ = {isa = PBXBuildFile; fileRef = 581A032B155EF723009872B3 /* ViewController.m */; };
/* End PBXBuildFile section */

/* Begin PBXFileReference section */
		581A0311155EF723009872B3 /* FlightTrack.app */ = {isa = PBXFileReference; explicitFileType = wrapper.application; includeInIndex = 0; path = FlightTrack.app; sourceTree = BUILT_PRODUCTS_DIR; };
		581A0315155EF723009872B3 /* UIKit.framework */ = {isa = PBXFileReference; lastKnownFileType = wrapper.framework; name = UIKit.framework; path = System/Library/Frameworks/UIKit.framework; sourceTree = SDKROOT; };
		581A0317155EF723009872B3 /* Foundation.framework */ = {isa = PBXFileReference; lastKnownFileType = wrapper.framework; name = Foundation.framework; path = System/Library/Frameworks/Foundation.framework; sourceTree = SDKROOT; };
		581A0319155EF723009872B3 /* CoreGraphics.framework */ = {isa = PBXFileReference; lastKnownFileType = wrapper.framework; name = CoreGraphics.framework; path = System/Library/Frameworks/CoreGraphics.framework; sourceTree = SDKROOT; };
		581A031D155EF723009872B3 /* FlightTrack-Info.plist */ = {isa = PBXFileReference; lastKnownFileType = text.plist.xml; path = "FlightTrack-Info.plist"; sourceTree = "<group>"; };
		581A031F155EF723009872B3 /* en */ = {isa = PBXFileReference; lastKnownFileType = text.plist.strings; name = en; path = en.lproj/InfoPlist.strings; sourceTree = "<group>"; };
		581A0321155EF723009872B3 /* main.m */ = {isa = PBXFileReference; lastKnownFileType = sourcecode.c.objc; path = main.m; sourceTree = "<group>"; };
		581A0323155EF723009872B3 /* FlightTrack-Prefix.pch */ = {isa = PBXFileReference; lastKnownFileType = sourcecode.c.h; path = "FlightTrack-Prefix.pch"; sourceTree = "<group>"; };
		581A0324155EF723009872B3 /* AppDelegate.h */ = {isa = PBXFileReference; lastKnownFileType = sourcecode.c.h; path = AppDelegate.h; sourceTree = "<group>"; };
		581A0325155EF723009872B3 /* AppDelegate.m */ = {isa = PBXFileReference; lastKnownFileType = sourcecode.c.objc; path = AppDelegate.m; sourceTree = "<group>"; };
		581A0328155EF723009872B3 /* en */ = {isa = PBXFileReference; lastKnownFileType = file.storyboard; name = en; path = en.lproj/MainStoryboard.storyboard; sourceTree = "<group>"; };
		581A032A155EF723009872B3 /* ViewController.h */ = {isa = PBXFileReference; lastKnownFileType = sourcecode.c.h; path = ViewController.h; sourceTree = "<group>"; };
		581A032B155EF723009872B3 /* ViewController.m */ = {isa = PBXFileReference; lastKnownFileType = sourcecode.c.objc; path = ViewController.m; sourceTree = "<group>"; };
/* End PBXFileReference section */

/* Begin PBXFrameworksBuildPhase section */
		581A030E155EF723009872B3 /* Frameworks */ = {
			isa = PBXFrameworksBuildPhase;
			buildActionMask = 2147483647;
			files = (
				581A0316155EF723009872B3 /* UIKit.framework in Frameworks */,
				581A0318155EF723009872B3 /* Foundation.framework in Frameworks */,
				581A031A155EF723009872B3 /* CoreGraphics.framework in Frameworks */,
			);
			runOnlyForDeploymentPostprocessing = 0;
		};
/* End PBXFrameworksBuildPhase section */

/* Begin PBXGroup section */
		581A0306155EF723009872B3 = {
			isa = PBXGroup;
			children = (
				581A031B155EF723009872B3 /* FlightTrack */,
				581A0314155EF723009872B3 /* Frameworks */,
				581A0312155EF723009872B3 /* Products */,
			);
			sourceTree = "<group>";
		};
		581A0312155EF723009872B3 /* Products */ = {
			isa = PBXGroup;
			children = (
				581A0311155EF723009872B3 /* FlightTrack.app */,
			);
			name = Products;
			sourceTree = "<group>";
		};
		581A0314155EF723009872B3 /* Frameworks */ = {
			isa = PBXGroup;
			children = (
				581A0315155EF723009872B3 /* UIKit.framework */,
				581A0317155EF723009872B3 /* Foundation.framework */,
				581A0319155EF723009872B3 /* CoreGraphics.framework */,
			);
			name = Frameworks;
			sourceTree = "<group>";
		};
		581A031B155EF723009872B3 /* FlightTrack */ = {
			isa = PBXGroup;
			children = (
				581A0324155EF723009872B3 /* AppDelegate.h */,
				581A0325155EF723009872B3 /* AppDelegate.m */,
				581A0327155EF723009872B3 /* MainStoryboard.storyboard */,
				581A032A155EF723009872B3 /* ViewController.h */,
				581A032B155EF723009872B3 /* ViewController.m */,
				581A031C155EF723009872B3 /* Supporting Files */,
			);
			path = FlightTrack;
			sourceTree = "<group>";
		};
		581A031C155EF723009872B3 /* Supporting Files */ = {
			isa = PBXGroup;
			children = (
				581A031D155EF723009872B3 /* FlightTrack-Info.plist */,
				581A031E155EF723009872B3 /* InfoPlist.strings */,
				581A0321155EF723009872B3 /* main.m */,
				581A0323155EF723009872B3 /* FlightTrack-Prefix.pch */,
			);
			name = "Supporting Files";
			sourceTree = "<group>";
		};
/* End PBXGroup section */

/* Begin PBXNativeTarget section */
		581A0310155EF723009872B3 /* FlightTrack */ = {
			isa = PBXNativeTarget;
			buildConfigurationList = 581A032F155EF723009872B3 /* Build configuration list for PBXNativeTarget "FlightTrack" */;
			buildPhases = (
				581A030D155EF723009872B3 /* Sources */,
				581A030E155EF723009872B3 /* Frameworks */,
				581A030F155EF723009872B3 /* Resources */,
			);
			buildRules = (
			);
			dependencies = (
			);
			name = FlightTrack;
			productName = FlightTrack;
			productReference = 581A0311155EF723009872B3 /* FlightTrack.app */;
			productType = "com.apple.product-type.application";
		};
/* End PBXNativeTarget section */

/* Begin PBXProject section */
		581A0308155EF723009872B3 /* Project object */ = {
			isa = PBXProject;
			attributes = {
				LastUpgradeCheck = 0430;
			};
			buildConfigurationList = 581A030B155EF723009872B3 /* Build configuration list for PBXProject "FlightTrack" */;
			compatibilityVersion = "Xcode 3.2";
			developmentRegion = English;
			hasScannedForEncodings = 0;
			knownRegions = (
				en,
			);
			mainGroup = 581A0306155EF723009872B3;
			productRefGroup = 581A0312155EF723009872B3 /* Products */;
			projectDirPath = "";
			projectRoot = "";
			targets = (
				581A0310155EF723009872B3 /* FlightTrack */,
			);
		};
/* End PBXProject section */

/* Begin PBXResourcesBuildPhase section */
		581A030F155EF723009872B3 /* Resources */ = {
			isa = PBXResourcesBuildPhase;
			buildActionMask = 2147483647;
			files = (
				581A0320155EF723009872B3 /* InfoPlist.strings in Resources */,
				581A0329155EF723009872B3 /* MainStoryboard.storyboard in Resources */,
			);
			runOnlyForDeploymentPostprocessing = 0;
		};
/* End PBXResourcesBuildPhase section */

/* Begin PBXSourcesBuildPhase section */
		581A030D155EF723009872B3 /* Sources */ = {
			isa = PBXSourcesBuildPhase;
			buildActionMask = 2147483647;
			files = (
				581A0322155EF723009872B3 /* main.m in Sources */,
				581A0326155EF723009872B3 /* AppDelegate.m in Sources */,
				581A032C155EF723009872B3 /* ViewController.m in Sources */,
			);
			runOnlyForDeploymentPostprocessing = 0;
		};
/* End PBXSourcesBuildPhase section */

/* Begin PBXVariantGroup section */
		581A031E155EF723009872B3 /* InfoPlist.strings */ = {
			isa = PBXVariantGroup;
			children = (
				581A031F155EF723009872B3 /* en */,
			);
			name = InfoPlist.strings;
			sourceTree = "<group>";
		};
		581A0327155EF723009872B3 /* MainStoryboard.storyboard */ = {
			isa = PBXVariantGroup;
			children = (
				581A0328155EF723009872B3 /* en */,
			);
			name = MainStoryboard.storyboard;
			sourceTree = "<group>";
		};
/* End PBXVariantGroup section */

/* Begin XCBuildConfiguration section */
		581A032D155EF723009872B3 /* Debug */ = {
			isa = XCBuildConfiguration;
			buildSettings = {
				ALWAYS_SEARCH_USER_PATHS = NO;
				ARCHS = "$(ARCHS_STANDARD_32_BIT)";
				"CODE_SIGN_IDENTITY[sdk=iphoneos*]" = "iPhone Developer";
				COPY_PHASE_STRIP = NO;
				GCC_C_LANGUAGE_STANDARD = gnu99;
				GCC_DYNAMIC_NO_PIC = NO;
				GCC_OPTIMIZATION_LEVEL = 0;
				GCC_PREPROCESSOR_DEFINITIONS = (
					"DEBUG=1",
					"$(inherited)",
				);
				GCC_SYMBOLS_PRIVATE_EXTERN = NO;
				GCC_VERSION = com.apple.compilers.llvm.clang.1_0;
				GCC_WARN_ABOUT_RETURN_TYPE = YES;
				GCC_WARN_UNINITIALIZED_AUTOS = YES;
				GCC_WARN_UNUSED_VARIABLE = YES;
				IPHONEOS_DEPLOYMENT_TARGET = 5.1;
				SDKROOT = iphoneos;
			};
			name = Debug;
		};
		581A032E155EF723009872B3 /* Release */ = {
			isa = XCBuildConfiguration;
			buildSettings = {
				ALWAYS_SEARCH_USER_PATHS = NO;
				ARCHS = "$(ARCHS_STANDARD_32_BIT)";
				"CODE_SIGN_IDENTITY[sdk=iphoneos*]" = "iPhone Developer";
				COPY_PHASE_STRIP = YES;
				GCC_C_LANGUAGE_STANDARD = gnu99;
				GCC_VERSION = com.apple.compilers.llvm.clang.1_0;
				GCC_WARN_ABOUT_RETURN_TYPE = YES;
				GCC_WARN_UNINITIALIZED_AUTOS = YES;
				GCC_WARN_UNUSED_VARIABLE = YES;
				IPHONEOS_DEPLOYMENT_TARGET = 5.1;
				OTHER_CFLAGS = "-DNS_BLOCK_ASSERTIONS=1";
				SDKROOT = iphoneos;
				VALIDATE_PRODUCT = YES;
			};
			name = Release;
		};
		581A0330155EF723009872B3 /* Debug */ = {
			isa = XCBuildConfiguration;
			buildSettings = {
				GCC_PRECOMPILE_PREFIX_HEADER = YES;
				GCC_PREFIX_HEADER = "FlightTrack/FlightTrack-Prefix.pch";
				INFOPLIST_FILE = "FlightTrack/FlightTrack-Info.plist";
				PRODUCT_NAME = "$(TARGET_NAME)";
				WRAPPER_EXTENSION = app;
			};
			name = Debug;
		};
		581A0331155EF723009872B3 /* Release */ = {
			isa = XCBuildConfiguration;
			buildSettings = {
				GCC_PRECOMPILE_PREFIX_HEADER = YES;
				GCC_PREFIX_HEADER = "FlightTrack/FlightTrack-Prefix.pch";
				INFOPLIST_FILE = "FlightTrack/FlightTrack-Info.plist";
				PRODUCT_NAME = "$(TARGET_NAME)";
				WRAPPER_EXTENSION = app;
			};
			name = Release;
		};
/* End XCBuildConfiguration section */

/* Begin XCConfigurationList section */
		581A030B155EF723009872B3 /* Build configuration list for PBXProject "FlightTrack" */ = {
			isa = XCConfigurationList;
			buildConfigurations = (
				581A032D155EF723009872B3 /* Debug */,
				581A032E155EF723009872B3 /* Release */,
			);
			defaultConfigurationIsVisible = 0;
			defaultConfigurationName = Release;
		};
		581A032F155EF723009872B3 /* Build configuration list for PBXNativeTarget "FlightTrack" */ = {
			isa = XCConfigurationList;
			buildConfigurations = (
				581A0330155EF723009872B3 /* Debug */,
				581A0331155EF723009872B3 /* Release */,
			);
			defaultConfigurationIsVisible = 0;
		};
/* End XCConfigurationList section */
	};
	rootObject = 581A0308155EF723009872B3 /* Project object */;
}
